// !$*UTF8*$!
{
	archiveVersion = 1;
	classes = {
	};
	objectVersion = 46;
	objects = {

/* Begin PBXBuildFile section */
		6DC7590D1ADE91C3007E58E7 /* AppDelegate.swift in Sources */ = {isa = PBXBuildFile; fileRef = 6DC7590C1ADE91C3007E58E7 /* AppDelegate.swift */; };
		6DC7590F1ADE91C3007E58E7 /* ViewController.swift in Sources */ = {isa = PBXBuildFile; fileRef = 6DC7590E1ADE91C3007E58E7 /* ViewController.swift */; };
		6DC759121ADE91C3007E58E7 /* Main.storyboard in Resources */ = {isa = PBXBuildFile; fileRef = 6DC759101ADE91C3007E58E7 /* Main.storyboard */; };
		6DC759141ADE91C3007E58E7 /* Images.xcassets in Resources */ = {isa = PBXBuildFile; fileRef = 6DC759131ADE91C3007E58E7 /* Images.xcassets */; };
		6DC759171ADE91C3007E58E7 /* LaunchScreen.xib in Resources */ = {isa = PBXBuildFile; fileRef = 6DC759151ADE91C3007E58E7 /* LaunchScreen.xib */; };
		6DC759231ADE91C3007E58E7 /* HSDeckTrackerTests.swift in Sources */ = {isa = PBXBuildFile; fileRef = 6DC759221ADE91C3007E58E7 /* HSDeckTrackerTests.swift */; };
/* End PBXBuildFile section */

/* Begin PBXContainerItemProxy section */
		6DC7591D1ADE91C3007E58E7 /* PBXContainerItemProxy */ = {
			isa = PBXContainerItemProxy;
			containerPortal = 6DC758FF1ADE91C3007E58E7 /* Project object */;
			proxyType = 1;
			remoteGlobalIDString = 6DC759061ADE91C3007E58E7;
			remoteInfo = HSDeckTracker;
		};
/* End PBXContainerItemProxy section */

/* Begin PBXFileReference section */
		6DC759071ADE91C3007E58E7 /* HSDeckTracker.app */ = {isa = PBXFileReference; explicitFileType = wrapper.application; includeInIndex = 0; path = HSDeckTracker.app; sourceTree = BUILT_PRODUCTS_DIR; };
		6DC7590B1ADE91C3007E58E7 /* Info.plist */ = {isa = PBXFileReference; lastKnownFileType = text.plist.xml; path = Info.plist; sourceTree = "<group>"; };
		6DC7590C1ADE91C3007E58E7 /* AppDelegate.swift */ = {isa = PBXFileReference; lastKnownFileType = sourcecode.swift; path = AppDelegate.swift; sourceTree = "<group>"; };
		6DC7590E1ADE91C3007E58E7 /* ViewController.swift */ = {isa = PBXFileReference; lastKnownFileType = sourcecode.swift; path = ViewController.swift; sourceTree = "<group>"; };
		6DC759111ADE91C3007E58E7 /* Base */ = {isa = PBXFileReference; lastKnownFileType = file.storyboard; name = Base; path = Base.lproj/Main.storyboard; sourceTree = "<group>"; };
		6DC759131ADE91C3007E58E7 /* Images.xcassets */ = {isa = PBXFileReference; lastKnownFileType = folder.assetcatalog; path = Images.xcassets; sourceTree = "<group>"; };
		6DC759161ADE91C3007E58E7 /* Base */ = {isa = PBXFileReference; lastKnownFileType = file.xib; name = Base; path = Base.lproj/LaunchScreen.xib; sourceTree = "<group>"; };
		6DC7591C1ADE91C3007E58E7 /* HSDeckTrackerTests.xctest */ = {isa = PBXFileReference; explicitFileType = wrapper.cfbundle; includeInIndex = 0; path = HSDeckTrackerTests.xctest; sourceTree = BUILT_PRODUCTS_DIR; };
		6DC759211ADE91C3007E58E7 /* Info.plist */ = {isa = PBXFileReference; lastKnownFileType = text.plist.xml; path = Info.plist; sourceTree = "<group>"; };
		6DC759221ADE91C3007E58E7 /* HSDeckTrackerTests.swift */ = {isa = PBXFileReference; lastKnownFileType = sourcecode.swift; path = HSDeckTrackerTests.swift; sourceTree = "<group>"; };
/* End PBXFileReference section */

/* Begin PBXFrameworksBuildPhase section */
		6DC759041ADE91C3007E58E7 /* Frameworks */ = {
			isa = PBXFrameworksBuildPhase;
			buildActionMask = 2147483647;
			files = (
			);
			runOnlyForDeploymentPostprocessing = 0;
		};
		6DC759191ADE91C3007E58E7 /* Frameworks */ = {
			isa = PBXFrameworksBuildPhase;
			buildActionMask = 2147483647;
			files = (
			);
			runOnlyForDeploymentPostprocessing = 0;
		};
/* End PBXFrameworksBuildPhase section */

/* Begin PBXGroup section */
		6DC758FE1ADE91C3007E58E7 = {
			isa = PBXGroup;
			children = (
				6DC759091ADE91C3007E58E7 /* HSDeckTracker */,
				6DC7591F1ADE91C3007E58E7 /* HSDeckTrackerTests */,
				6DC759081ADE91C3007E58E7 /* Products */,
			);
			sourceTree = "<group>";
		};
		6DC759081ADE91C3007E58E7 /* Products */ = {
			isa = PBXGroup;
			children = (
				6DC759071ADE91C3007E58E7 /* HSDeckTracker.app */,
				6DC7591C1ADE91C3007E58E7 /* HSDeckTrackerTests.xctest */,
			);
			name = Products;
			sourceTree = "<group>";
		};
		6DC759091ADE91C3007E58E7 /* HSDeckTracker */ = {
			isa = PBXGroup;
			children = (
				6DC7590C1ADE91C3007E58E7 /* AppDelegate.swift */,
				6DC7590E1ADE91C3007E58E7 /* ViewController.swift */,
				6DC759101ADE91C3007E58E7 /* Main.storyboard */,
				6DC759131ADE91C3007E58E7 /* Images.xcassets */,
				6DC759151ADE91C3007E58E7 /* LaunchScreen.xib */,
				6DC7590A1ADE91C3007E58E7 /* Supporting Files */,
			);
			path = HSDeckTracker;
			sourceTree = "<group>";
		};
		6DC7590A1ADE91C3007E58E7 /* Supporting Files */ = {
			isa = PBXGroup;
			children = (
				6DC7590B1ADE91C3007E58E7 /* Info.plist */,
			);
			name = "Supporting Files";
			sourceTree = "<group>";
		};
		6DC7591F1ADE91C3007E58E7 /* HSDeckTrackerTests */ = {
			isa = PBXGroup;
			children = (
				6DC759221ADE91C3007E58E7 /* HSDeckTrackerTests.swift */,
				6DC759201ADE91C3007E58E7 /* Supporting Files */,
			);
			path = HSDeckTrackerTests;
			sourceTree = "<group>";
		};
		6DC759201ADE91C3007E58E7 /* Supporting Files */ = {
			isa = PBXGroup;
			children = (
				6DC759211ADE91C3007E58E7 /* Info.plist */,
			);
			name = "Supporting Files";
			sourceTree = "<group>";
		};
/* End PBXGroup section */

/* Begin PBXNativeTarget section */
		6DC759061ADE91C3007E58E7 /* HSDeckTracker */ = {
			isa = PBXNativeTarget;
			buildConfigurationList = 6DC759261ADE91C3007E58E7 /* Build configuration list for PBXNativeTarget "HSDeckTracker" */;
			buildPhases = (
				6DC759031ADE91C3007E58E7 /* Sources */,
				6DC759041ADE91C3007E58E7 /* Frameworks */,
				6DC759051ADE91C3007E58E7 /* Resources */,
			);
			buildRules = (
			);
			dependencies = (
			);
			name = HSDeckTracker;
			productName = HSDeckTracker;
			productReference = 6DC759071ADE91C3007E58E7 /* HSDeckTracker.app */;
			productType = "com.apple.product-type.application";
		};
		6DC7591B1ADE91C3007E58E7 /* HSDeckTrackerTests */ = {
			isa = PBXNativeTarget;
			buildConfigurationList = 6DC759291ADE91C3007E58E7 /* Build configuration list for PBXNativeTarget "HSDeckTrackerTests" */;
			buildPhases = (
				6DC759181ADE91C3007E58E7 /* Sources */,
				6DC759191ADE91C3007E58E7 /* Frameworks */,
				6DC7591A1ADE91C3007E58E7 /* Resources */,
			);
			buildRules = (
			);
			dependencies = (
				6DC7591E1ADE91C3007E58E7 /* PBXTargetDependency */,
			);
			name = HSDeckTrackerTests;
			productName = HSDeckTrackerTests;
			productReference = 6DC7591C1ADE91C3007E58E7 /* HSDeckTrackerTests.xctest */;
			productType = "com.apple.product-type.bundle.unit-test";
		};
/* End PBXNativeTarget section */

/* Begin PBXProject section */
		6DC758FF1ADE91C3007E58E7 /* Project object */ = {
			isa = PBXProject;
			attributes = {
				LastUpgradeCheck = 0630;
				ORGANIZATIONNAME = "Andrei Joghiu";
				TargetAttributes = {
					6DC759061ADE91C3007E58E7 = {
						CreatedOnToolsVersion = 6.3;
					};
					6DC7591B1ADE91C3007E58E7 = {
						CreatedOnToolsVersion = 6.3;
						TestTargetID = 6DC759061ADE91C3007E58E7;
					};
				};
			};
			buildConfigurationList = 6DC759021ADE91C3007E58E7 /* Build configuration list for PBXProject "HSDeckTracker" */;
			compatibilityVersion = "Xcode 3.2";
			developmentRegion = English;
			hasScannedForEncodings = 0;
			knownRegions = (
				en,
				Base,
			);
			mainGroup = 6DC758FE1ADE91C3007E58E7;
			productRefGroup = 6DC759081ADE91C3007E58E7 /* Products */;
			projectDirPath = "";
			projectRoot = "";
			targets = (
				6DC759061ADE91C3007E58E7 /* HSDeckTracker */,
				6DC7591B1ADE91C3007E58E7 /* HSDeckTrackerTests */,
			);
		};
/* End PBXProject section */

/* Begin PBXResourcesBuildPhase section */
		6DC759051ADE91C3007E58E7 /* Resources */ = {
			isa = PBXResourcesBuildPhase;
			buildActionMask = 2147483647;
			files = (
				6DC759121ADE91C3007E58E7 /* Main.storyboard in Resources */,
				6DC759171ADE91C3007E58E7 /* LaunchScreen.xib in Resources */,
				6DC759141ADE91C3007E58E7 /* Images.xcassets in Resources */,
			);
			runOnlyForDeploymentPostprocessing = 0;
		};
		6DC7591A1ADE91C3007E58E7 /* Resources */ = {
			isa = PBXResourcesBuildPhase;
			buildActionMask = 2147483647;
			files = (
			);
			runOnlyForDeploymentPostprocessing = 0;
		};
/* End PBXResourcesBuildPhase section */

/* Begin PBXSourcesBuildPhase section */
		6DC759031ADE91C3007E58E7 /* Sources */ = {
			isa = PBXSourcesBuildPhase;
			buildActionMask = 2147483647;
			files = (
				6DC7590F1ADE91C3007E58E7 /* ViewController.swift in Sources */,
				6DC7590D1ADE91C3007E58E7 /* AppDelegate.swift in Sources */,
			);
			runOnlyForDeploymentPostprocessing = 0;
		};
		6DC759181ADE91C3007E58E7 /* Sources */ = {
			isa = PBXSourcesBuildPhase;
			buildActionMask = 2147483647;
			files = (
				6DC759231ADE91C3007E58E7 /* HSDeckTrackerTests.swift in Sources */,
			);
			runOnlyForDeploymentPostprocessing = 0;
		};
/* End PBXSourcesBuildPhase section */

/* Begin PBXTargetDependency section */
		6DC7591E1ADE91C3007E58E7 /* PBXTargetDependency */ = {
			isa = PBXTargetDependency;
			target = 6DC759061ADE91C3007E58E7 /* HSDeckTracker */;
			targetProxy = 6DC7591D1ADE91C3007E58E7 /* PBXContainerItemProxy */;
		};
/* End PBXTargetDependency section */

/* Begin PBXVariantGroup section */
		6DC759101ADE91C3007E58E7 /* Main.storyboard */ = {
			isa = PBXVariantGroup;
			children = (
				6DC759111ADE91C3007E58E7 /* Base */,
			);
			name = Main.storyboard;
			sourceTree = "<group>";
		};
		6DC759151ADE91C3007E58E7 /* LaunchScreen.xib */ = {
			isa = PBXVariantGroup;
			children = (
				6DC759161ADE91C3007E58E7 /* Base */,
			);
			name = LaunchScreen.xib;
			sourceTree = "<group>";
		};
/* End PBXVariantGroup section */

/* Begin XCBuildConfiguration section */
		6DC759241ADE91C3007E58E7 /* Debug */ = {
			isa = XCBuildConfiguration;
			buildSettings = {
				ALWAYS_SEARCH_USER_PATHS = NO;
				CLANG_CXX_LANGUAGE_STANDARD = "gnu++0x";
				CLANG_CXX_LIBRARY = "libc++";
				CLANG_ENABLE_MODULES = YES;
				CLANG_ENABLE_OBJC_ARC = YES;
				CLANG_WARN_BOOL_CONVERSION = YES;
				CLANG_WARN_CONSTANT_CONVERSION = YES;
				CLANG_WARN_DIRECT_OBJC_ISA_USAGE = YES_ERROR;
				CLANG_WARN_EMPTY_BODY = YES;
				CLANG_WARN_ENUM_CONVERSION = YES;
				CLANG_WARN_INT_CONVERSION = YES;
				CLANG_WARN_OBJC_ROOT_CLASS = YES_ERROR;
				CLANG_WARN_UNREACHABLE_CODE = YES;
				CLANG_WARN__DUPLICATE_METHOD_MATCH = YES;
				"CODE_SIGN_IDENTITY[sdk=iphoneos*]" = "iPhone Developer";
				COPY_PHASE_STRIP = NO;
				DEBUG_INFORMATION_FORMAT = "dwarf-with-dsym";
				ENABLE_STRICT_OBJC_MSGSEND = YES;
				GCC_C_LANGUAGE_STANDARD = gnu99;
				GCC_DYNAMIC_NO_PIC = NO;
				GCC_NO_COMMON_BLOCKS = YES;
				GCC_OPTIMIZATION_LEVEL = 0;
				GCC_PREPROCESSOR_DEFINITIONS = (
					"DEBUG=1",
					"$(inherited)",
				);
				GCC_SYMBOLS_PRIVATE_EXTERN = NO;
				GCC_WARN_64_TO_32_BIT_CONVERSION = YES;
				GCC_WARN_ABOUT_RETURN_TYPE = YES_ERROR;
				GCC_WARN_UNDECLARED_SELECTOR = YES;
				GCC_WARN_UNINITIALIZED_AUTOS = YES_AGGRESSIVE;
				GCC_WARN_UNUSED_FUNCTION = YES;
				GCC_WARN_UNUSED_VARIABLE = YES;
				IPHONEOS_DEPLOYMENT_TARGET = 8.3;
				MTL_ENABLE_DEBUG_INFO = YES;
				ONLY_ACTIVE_ARCH = YES;
				SDKROOT = iphoneos;
				SWIFT_OPTIMIZATION_LEVEL = "-Onone";
			};
			name = Debug;
		};
		6DC759251ADE91C3007E58E7 /* Release */ = {
			isa = XCBuildConfiguration;
			buildSettings = {
				ALWAYS_SEARCH_USER_PATHS = NO;
				CLANG_CXX_LANGUAGE_STANDARD = "gnu++0x";
				CLANG_CXX_LIBRARY = "libc++";
				CLANG_ENABLE_MODULES = YES;
				CLANG_ENABLE_OBJC_ARC = YES;
				CLANG_WARN_BOOL_CONVERSION = YES;
				CLANG_WARN_CONSTANT_CONVERSION = YES;
				CLANG_WARN_DIRECT_OBJC_ISA_USAGE = YES_ERROR;
				CLANG_WARN_EMPTY_BODY = YES;
				CLANG_WARN_ENUM_CONVERSION = YES;
				CLANG_WARN_INT_CONVERSION = YES;
				CLANG_WARN_OBJC_ROOT_CLASS = YES_ERROR;
				CLANG_WARN_UNREACHABLE_CODE = YES;
				CLANG_WARN__DUPLICATE_METHOD_MATCH = YES;
				"CODE_SIGN_IDENTITY[sdk=iphoneos*]" = "iPhone Developer";
				COPY_PHASE_STRIP = NO;
				DEBUG_INFORMATION_FORMAT = "dwarf-with-dsym";
				ENABLE_NS_ASSERTIONS = NO;
				ENABLE_STRICT_OBJC_MSGSEND = YES;
				GCC_C_LANGUAGE_STANDARD = gnu99;
				GCC_NO_COMMON_BLOCKS = YES;
				GCC_WARN_64_TO_32_BIT_CONVERSION = YES;
				GCC_WARN_ABOUT_RETURN_TYPE = YES_ERROR;
				GCC_WARN_UNDECLARED_SELECTOR = YES;
				GCC_WARN_UNINITIALIZED_AUTOS = YES_AGGRESSIVE;
				GCC_WARN_UNUSED_FUNCTION = YES;
				GCC_WARN_UNUSED_VARIABLE = YES;
				IPHONEOS_DEPLOYMENT_TARGET = 8.3;
				MTL_ENABLE_DEBUG_INFO = NO;
				SDKROOT = iphoneos;
				VALIDATE_PRODUCT = YES;
			};
			name = Release;
		};
		6DC759271ADE91C3007E58E7 /* Debug */ = {
			isa = XCBuildConfiguration;
			buildSettings = {
				ASSETCATALOG_COMPILER_APPICON_NAME = AppIcon;
				INFOPLIST_FILE = HSDeckTracker/Info.plist;
				LD_RUNPATH_SEARCH_PATHS = "$(inherited) @executable_path/Frameworks";
				PRODUCT_NAME = "$(TARGET_NAME)";
			};
			name = Debug;
		};
		6DC759281ADE91C3007E58E7 /* Release */ = {
			isa = XCBuildConfiguration;
			buildSettings = {
				ASSETCATALOG_COMPILER_APPICON_NAME = AppIcon;
				INFOPLIST_FILE = HSDeckTracker/Info.plist;
				LD_RUNPATH_SEARCH_PATHS = "$(inherited) @executable_path/Frameworks";
				PRODUCT_NAME = "$(TARGET_NAME)";
			};
			name = Release;
		};
		6DC7592A1ADE91C3007E58E7 /* Debug */ = {
			isa = XCBuildConfiguration;
			buildSettings = {
				BUNDLE_LOADER = "$(TEST_HOST)";
				FRAMEWORK_SEARCH_PATHS = (
					"$(SDKROOT)/Developer/Library/Frameworks",
					"$(inherited)",
				);
				GCC_PREPROCESSOR_DEFINITIONS = (
					"DEBUG=1",
					"$(inherited)",
				);
				INFOPLIST_FILE = HSDeckTrackerTests/Info.plist;
				LD_RUNPATH_SEARCH_PATHS = "$(inherited) @executable_path/Frameworks @loader_path/Frameworks";
				PRODUCT_NAME = "$(TARGET_NAME)";
				TEST_HOST = "$(BUILT_PRODUCTS_DIR)/HSDeckTracker.app/HSDeckTracker";
			};
			name = Debug;
		};
		6DC7592B1ADE91C3007E58E7 /* Release */ = {
			isa = XCBuildConfiguration;
			buildSettings = {
				BUNDLE_LOADER = "$(TEST_HOST)";
				FRAMEWORK_SEARCH_PATHS = (
					"$(SDKROOT)/Developer/Library/Frameworks",
					"$(inherited)",
				);
				INFOPLIST_FILE = HSDeckTrackerTests/Info.plist;
				LD_RUNPATH_SEARCH_PATHS = "$(inherited) @executable_path/Frameworks @loader_path/Frameworks";
				PRODUCT_NAME = "$(TARGET_NAME)";
				TEST_HOST = "$(BUILT_PRODUCTS_DIR)/HSDeckTracker.app/HSDeckTracker";
			};
			name = Release;
		};
/* End XCBuildConfiguration section */

/* Begin XCConfigurationList section */
		6DC759021ADE91C3007E58E7 /* Build configuration list for PBXProject "HSDeckTracker" */ = {
			isa = XCConfigurationList;
			buildConfigurations = (
				6DC759241ADE91C3007E58E7 /* Debug */,
				6DC759251ADE91C3007E58E7 /* Release */,
			);
			defaultConfigurationIsVisible = 0;
			defaultConfigurationName = Release;
		};
		6DC759261ADE91C3007E58E7 /* Build configuration list for PBXNativeTarget "HSDeckTracker" */ = {
			isa = XCConfigurationList;
			buildConfigurations = (
				6DC759271ADE91C3007E58E7 /* Debug */,
				6DC759281ADE91C3007E58E7 /* Release */,
			);
			defaultConfigurationIsVisible = 0;
		};
		6DC759291ADE91C3007E58E7 /* Build configuration list for PBXNativeTarget "HSDeckTrackerTests" */ = {
			isa = XCConfigurationList;
			buildConfigurations = (
				6DC7592A1ADE91C3007E58E7 /* Debug */,
				6DC7592B1ADE91C3007E58E7 /* Release */,
			);
			defaultConfigurationIsVisible = 0;
		};
/* End XCConfigurationList section */
	};
	rootObject = 6DC758FF1ADE91C3007E58E7 /* Project object */;
}
